// !$*UTF8*$!
{
	archiveVersion = 1;
	classes = {
	};
	objectVersion = 50;
	objects = {

/* Begin PBXBuildFile section */
		E60575E525049E2300E51DAD /* HomeMapViewController.swift in Sources */ = {isa = PBXBuildFile; fileRef = E60575E425049E2300E51DAD /* HomeMapViewController.swift */; };
		E60575E725049E8500E51DAD /* ExhibitionAnnotation.swift in Sources */ = {isa = PBXBuildFile; fileRef = E60575E625049E8500E51DAD /* ExhibitionAnnotation.swift */; };
		E60575EB250537AF00E51DAD /* ExhibitionTableController.swift in Sources */ = {isa = PBXBuildFile; fileRef = E60575EA250537AF00E51DAD /* ExhibitionTableController.swift */; };
		E60575ED2505380900E51DAD /* AddExhibitionTableController.swift in Sources */ = {isa = PBXBuildFile; fileRef = E60575EC2505380900E51DAD /* AddExhibitionTableController.swift */; };
		E63B84AB250621AD005E95C3 /* DatabaseProtocol.swift in Sources */ = {isa = PBXBuildFile; fileRef = E63B84AA250621AD005E95C3 /* DatabaseProtocol.swift */; };
		E63B84AD25062E7C005E95C3 /* MulticastDelegate.swift in Sources */ = {isa = PBXBuildFile; fileRef = E63B84AC25062E7C005E95C3 /* MulticastDelegate.swift */; };
		E63B84AF25062F51005E95C3 /* CoreDataController.swift in Sources */ = {isa = PBXBuildFile; fileRef = E63B84AE25062F51005E95C3 /* CoreDataController.swift */; };
		E6CFF05D25039ADF001447DF /* AppDelegate.swift in Sources */ = {isa = PBXBuildFile; fileRef = E6CFF05C25039ADF001447DF /* AppDelegate.swift */; };
		E6CFF05F25039ADF001447DF /* SceneDelegate.swift in Sources */ = {isa = PBXBuildFile; fileRef = E6CFF05E25039ADF001447DF /* SceneDelegate.swift */; };
		E6CFF06425039ADF001447DF /* Main.storyboard in Resources */ = {isa = PBXBuildFile; fileRef = E6CFF06225039ADF001447DF /* Main.storyboard */; };
		E6CFF06625039AE3001447DF /* Assets.xcassets in Resources */ = {isa = PBXBuildFile; fileRef = E6CFF06525039AE3001447DF /* Assets.xcassets */; };
		E6CFF06925039AE3001447DF /* LaunchScreen.storyboard in Resources */ = {isa = PBXBuildFile; fileRef = E6CFF06725039AE3001447DF /* LaunchScreen.storyboard */; };
		E6CFF0762503B00F001447DF /* RBGModel.xcdatamodeld in Sources */ = {isa = PBXBuildFile; fileRef = E6CFF0742503B00F001447DF /* RBGModel.xcdatamodeld */; };
		E6D7D35D25071F09002048A3 /* ExhibitionTableCell.swift in Sources */ = {isa = PBXBuildFile; fileRef = E6D7D35C25071F09002048A3 /* ExhibitionTableCell.swift */; };
		E6D7D35F25076D92002048A3 /* ExhibitionBasicCell.swift in Sources */ = {isa = PBXBuildFile; fileRef = E6D7D35E25076D92002048A3 /* ExhibitionBasicCell.swift */; };
		E6D7D3642507C18E002048A3 /* Plant+CoreDataClass.swift in Sources */ = {isa = PBXBuildFile; fileRef = E6D7D3602507C18E002048A3 /* Plant+CoreDataClass.swift */; };
		E6D7D3652507C18E002048A3 /* Plant+CoreDataProperties.swift in Sources */ = {isa = PBXBuildFile; fileRef = E6D7D3612507C18E002048A3 /* Plant+CoreDataProperties.swift */; };
		E6D7D3662507C18E002048A3 /* Exhibition+CoreDataClass.swift in Sources */ = {isa = PBXBuildFile; fileRef = E6D7D3622507C18E002048A3 /* Exhibition+CoreDataClass.swift */; };
		E6D7D3672507C18E002048A3 /* Exhibition+CoreDataProperties.swift in Sources */ = {isa = PBXBuildFile; fileRef = E6D7D3632507C18E002048A3 /* Exhibition+CoreDataProperties.swift */; };
		E6E5A45C25086C7400B30B1A /* addLocationViewController.swift in Sources */ = {isa = PBXBuildFile; fileRef = E6E5A45B25086C7400B30B1A /* addLocationViewController.swift */; };
		E6E5A45E2509057100B30B1A /* ExhibitionDetailController.swift in Sources */ = {isa = PBXBuildFile; fileRef = E6E5A45D2509057100B30B1A /* ExhibitionDetailController.swift */; };
		E6E5A4602509249400B30B1A /* plantCellController.swift in Sources */ = {isa = PBXBuildFile; fileRef = E6E5A45F2509249400B30B1A /* plantCellController.swift */; };
/* End PBXBuildFile section */

/* Begin PBXFileReference section */
		E60575E425049E2300E51DAD /* HomeMapViewController.swift */ = {isa = PBXFileReference; lastKnownFileType = sourcecode.swift; path = HomeMapViewController.swift; sourceTree = "<group>"; };
		E60575E625049E8500E51DAD /* ExhibitionAnnotation.swift */ = {isa = PBXFileReference; lastKnownFileType = sourcecode.swift; path = ExhibitionAnnotation.swift; sourceTree = "<group>"; };
		E60575E82504DF4F00E51DAD /* RBG.gpx */ = {isa = PBXFileReference; lastKnownFileType = text.xml; path = RBG.gpx; sourceTree = "<group>"; };
		E60575E92504DF7D00E51DAD /* universityGeoscience.gpx */ = {isa = PBXFileReference; lastKnownFileType = text.xml; name = universityGeoscience.gpx; path = ../../lab/week5/universityGeoscience.gpx; sourceTree = "<group>"; };
		E60575EA250537AF00E51DAD /* ExhibitionTableController.swift */ = {isa = PBXFileReference; lastKnownFileType = sourcecode.swift; path = ExhibitionTableController.swift; sourceTree = "<group>"; };
		E60575EC2505380900E51DAD /* AddExhibitionTableController.swift */ = {isa = PBXFileReference; lastKnownFileType = sourcecode.swift; path = AddExhibitionTableController.swift; sourceTree = "<group>"; };
		E63B84AA250621AD005E95C3 /* DatabaseProtocol.swift */ = {isa = PBXFileReference; lastKnownFileType = sourcecode.swift; path = DatabaseProtocol.swift; sourceTree = "<group>"; };
		E63B84AC25062E7C005E95C3 /* MulticastDelegate.swift */ = {isa = PBXFileReference; lastKnownFileType = sourcecode.swift; path = MulticastDelegate.swift; sourceTree = "<group>"; };
		E63B84AE25062F51005E95C3 /* CoreDataController.swift */ = {isa = PBXFileReference; lastKnownFileType = sourcecode.swift; path = CoreDataController.swift; sourceTree = "<group>"; };
		E6CFF05925039ADF001447DF /* RBGarden-Guide.app */ = {isa = PBXFileReference; explicitFileType = wrapper.application; includeInIndex = 0; path = "RBGarden-Guide.app"; sourceTree = BUILT_PRODUCTS_DIR; };
		E6CFF05C25039ADF001447DF /* AppDelegate.swift */ = {isa = PBXFileReference; lastKnownFileType = sourcecode.swift; path = AppDelegate.swift; sourceTree = "<group>"; };
		E6CFF05E25039ADF001447DF /* SceneDelegate.swift */ = {isa = PBXFileReference; lastKnownFileType = sourcecode.swift; path = SceneDelegate.swift; sourceTree = "<group>"; };
		E6CFF06325039ADF001447DF /* Base */ = {isa = PBXFileReference; lastKnownFileType = file.storyboard; name = Base; path = Base.lproj/Main.storyboard; sourceTree = "<group>"; };
		E6CFF06525039AE3001447DF /* Assets.xcassets */ = {isa = PBXFileReference; lastKnownFileType = folder.assetcatalog; path = Assets.xcassets; sourceTree = "<group>"; };
		E6CFF06825039AE3001447DF /* Base */ = {isa = PBXFileReference; lastKnownFileType = file.storyboard; name = Base; path = Base.lproj/LaunchScreen.storyboard; sourceTree = "<group>"; };
		E6CFF06A25039AE3001447DF /* Info.plist */ = {isa = PBXFileReference; lastKnownFileType = text.plist.xml; path = Info.plist; sourceTree = "<group>"; };
		E6CFF0752503B00F001447DF /* RBGModel.xcdatamodel */ = {isa = PBXFileReference; lastKnownFileType = wrapper.xcdatamodel; path = RBGModel.xcdatamodel; sourceTree = "<group>"; };
		E6D7D35C25071F09002048A3 /* ExhibitionTableCell.swift */ = {isa = PBXFileReference; lastKnownFileType = sourcecode.swift; path = ExhibitionTableCell.swift; sourceTree = "<group>"; };
		E6D7D35E25076D92002048A3 /* ExhibitionBasicCell.swift */ = {isa = PBXFileReference; lastKnownFileType = sourcecode.swift; path = ExhibitionBasicCell.swift; sourceTree = "<group>"; };
		E6D7D3602507C18E002048A3 /* Plant+CoreDataClass.swift */ = {isa = PBXFileReference; lastKnownFileType = sourcecode.swift; path = "Plant+CoreDataClass.swift"; sourceTree = "<group>"; };
		E6D7D3612507C18E002048A3 /* Plant+CoreDataProperties.swift */ = {isa = PBXFileReference; lastKnownFileType = sourcecode.swift; path = "Plant+CoreDataProperties.swift"; sourceTree = "<group>"; };
		E6D7D3622507C18E002048A3 /* Exhibition+CoreDataClass.swift */ = {isa = PBXFileReference; lastKnownFileType = sourcecode.swift; path = "Exhibition+CoreDataClass.swift"; sourceTree = "<group>"; };
		E6D7D3632507C18E002048A3 /* Exhibition+CoreDataProperties.swift */ = {isa = PBXFileReference; lastKnownFileType = sourcecode.swift; path = "Exhibition+CoreDataProperties.swift"; sourceTree = "<group>"; };
		E6E5A45B25086C7400B30B1A /* addLocationViewController.swift */ = {isa = PBXFileReference; lastKnownFileType = sourcecode.swift; path = addLocationViewController.swift; sourceTree = "<group>"; };
		E6E5A45D2509057100B30B1A /* ExhibitionDetailController.swift */ = {isa = PBXFileReference; lastKnownFileType = sourcecode.swift; path = ExhibitionDetailController.swift; sourceTree = "<group>"; };
		E6E5A45F2509249400B30B1A /* plantCellController.swift */ = {isa = PBXFileReference; lastKnownFileType = sourcecode.swift; path = plantCellController.swift; sourceTree = "<group>"; };
/* End PBXFileReference section */

/* Begin PBXFrameworksBuildPhase section */
		E6CFF05625039ADF001447DF /* Frameworks */ = {
			isa = PBXFrameworksBuildPhase;
			buildActionMask = 2147483647;
			files = (
			);
			runOnlyForDeploymentPostprocessing = 0;
		};
/* End PBXFrameworksBuildPhase section */

/* Begin PBXGroup section */
		E63B84A925062173005E95C3 /* Database */ = {
			isa = PBXGroup;
			children = (
				E63B84AA250621AD005E95C3 /* DatabaseProtocol.swift */,
				E63B84AC25062E7C005E95C3 /* MulticastDelegate.swift */,
				E63B84AE25062F51005E95C3 /* CoreDataController.swift */,
			);
			path = Database;
			sourceTree = "<group>";
		};
		E6CFF05025039ADF001447DF = {
			isa = PBXGroup;
			children = (
				E60575E92504DF7D00E51DAD /* universityGeoscience.gpx */,
				E60575E82504DF4F00E51DAD /* RBG.gpx */,
				E6CFF05B25039ADF001447DF /* RBGarden-Guide */,
				E6CFF05A25039ADF001447DF /* Products */,
			);
			sourceTree = "<group>";
		};
		E6CFF05A25039ADF001447DF /* Products */ = {
			isa = PBXGroup;
			children = (
				E6CFF05925039ADF001447DF /* RBGarden-Guide.app */,
			);
			name = Products;
			sourceTree = "<group>";
		};
		E6CFF05B25039ADF001447DF /* RBGarden-Guide */ = {
			isa = PBXGroup;
			children = (
				E6D7D35B25071EE6002048A3 /* Cells */,
				E63B84A925062173005E95C3 /* Database */,
				E6CFF0732503AF94001447DF /* DataModel */,
				E6CFF05C25039ADF001447DF /* AppDelegate.swift */,
				E6CFF05E25039ADF001447DF /* SceneDelegate.swift */,
				E6CFF06225039ADF001447DF /* Main.storyboard */,
				E6CFF06525039AE3001447DF /* Assets.xcassets */,
				E6CFF06725039AE3001447DF /* LaunchScreen.storyboard */,
				E6CFF06A25039AE3001447DF /* Info.plist */,
				E60575E425049E2300E51DAD /* HomeMapViewController.swift */,
				E60575E625049E8500E51DAD /* ExhibitionAnnotation.swift */,
				E60575EA250537AF00E51DAD /* ExhibitionTableController.swift */,
				E60575EC2505380900E51DAD /* AddExhibitionTableController.swift */,
				E6E5A45B25086C7400B30B1A /* addLocationViewController.swift */,
				E6E5A45D2509057100B30B1A /* ExhibitionDetailController.swift */,
			);
			path = "RBGarden-Guide";
			sourceTree = "<group>";
		};
		E6CFF0732503AF94001447DF /* DataModel */ = {
			isa = PBXGroup;
			children = (
				E6D7D3602507C18E002048A3 /* Plant+CoreDataClass.swift */,
				E6D7D3612507C18E002048A3 /* Plant+CoreDataProperties.swift */,
				E6D7D3622507C18E002048A3 /* Exhibition+CoreDataClass.swift */,
				E6D7D3632507C18E002048A3 /* Exhibition+CoreDataProperties.swift */,
				E6CFF0742503B00F001447DF /* RBGModel.xcdatamodeld */,
			);
			path = DataModel;
			sourceTree = "<group>";
		};
		E6D7D35B25071EE6002048A3 /* Cells */ = {
			isa = PBXGroup;
			children = (
				E6D7D35C25071F09002048A3 /* ExhibitionTableCell.swift */,
				E6D7D35E25076D92002048A3 /* ExhibitionBasicCell.swift */,
				E6E5A45F2509249400B30B1A /* plantCellController.swift */,
			);
			path = Cells;
			sourceTree = "<group>";
		};
/* End PBXGroup section */

/* Begin PBXNativeTarget section */
		E6CFF05825039ADF001447DF /* RBGarden-Guide */ = {
			isa = PBXNativeTarget;
			buildConfigurationList = E6CFF06D25039AE3001447DF /* Build configuration list for PBXNativeTarget "RBGarden-Guide" */;
			buildPhases = (
				E6CFF05525039ADF001447DF /* Sources */,
				E6CFF05625039ADF001447DF /* Frameworks */,
				E6CFF05725039ADF001447DF /* Resources */,
			);
			buildRules = (
			);
			dependencies = (
			);
			name = "RBGarden-Guide";
			productName = "RBGarden-Guide";
			productReference = E6CFF05925039ADF001447DF /* RBGarden-Guide.app */;
			productType = "com.apple.product-type.application";
		};
/* End PBXNativeTarget section */

/* Begin PBXProject section */
		E6CFF05125039ADF001447DF /* Project object */ = {
			isa = PBXProject;
			attributes = {
				LastSwiftUpdateCheck = 1160;
				LastUpgradeCheck = 1160;
				ORGANIZATIONNAME = Monash;
				TargetAttributes = {
					E6CFF05825039ADF001447DF = {
						CreatedOnToolsVersion = 11.6;
					};
				};
			};
			buildConfigurationList = E6CFF05425039ADF001447DF /* Build configuration list for PBXProject "RBGarden-Guide" */;
			compatibilityVersion = "Xcode 9.3";
			developmentRegion = en;
			hasScannedForEncodings = 0;
			knownRegions = (
				en,
				Base,
			);
			mainGroup = E6CFF05025039ADF001447DF;
			productRefGroup = E6CFF05A25039ADF001447DF /* Products */;
			projectDirPath = "";
			projectRoot = "";
			targets = (
				E6CFF05825039ADF001447DF /* RBGarden-Guide */,
			);
		};
/* End PBXProject section */

/* Begin PBXResourcesBuildPhase section */
		E6CFF05725039ADF001447DF /* Resources */ = {
			isa = PBXResourcesBuildPhase;
			buildActionMask = 2147483647;
			files = (
				E6CFF06925039AE3001447DF /* LaunchScreen.storyboard in Resources */,
				E6CFF06625039AE3001447DF /* Assets.xcassets in Resources */,
				E6CFF06425039ADF001447DF /* Main.storyboard in Resources */,
			);
			runOnlyForDeploymentPostprocessing = 0;
		};
/* End PBXResourcesBuildPhase section */

/* Begin PBXSourcesBuildPhase section */
		E6CFF05525039ADF001447DF /* Sources */ = {
			isa = PBXSourcesBuildPhase;
			buildActionMask = 2147483647;
			files = (
				E6E5A4602509249400B30B1A /* plantCellController.swift in Sources */,
				E6D7D35D25071F09002048A3 /* ExhibitionTableCell.swift in Sources */,
				E60575EB250537AF00E51DAD /* ExhibitionTableController.swift in Sources */,
				E6CFF0762503B00F001447DF /* RBGModel.xcdatamodeld in Sources */,
				E60575ED2505380900E51DAD /* AddExhibitionTableController.swift in Sources */,
				E6E5A45C25086C7400B30B1A /* addLocationViewController.swift in Sources */,
				E60575E725049E8500E51DAD /* ExhibitionAnnotation.swift in Sources */,
				E60575E525049E2300E51DAD /* HomeMapViewController.swift in Sources */,
				E6D7D35F25076D92002048A3 /* ExhibitionBasicCell.swift in Sources */,
				E63B84AD25062E7C005E95C3 /* MulticastDelegate.swift in Sources */,
				E63B84AB250621AD005E95C3 /* DatabaseProtocol.swift in Sources */,
				E6E5A45E2509057100B30B1A /* ExhibitionDetailController.swift in Sources */,
				E6D7D3662507C18E002048A3 /* Exhibition+CoreDataClass.swift in Sources */,
				E63B84AF25062F51005E95C3 /* CoreDataController.swift in Sources */,
				E6D7D3642507C18E002048A3 /* Plant+CoreDataClass.swift in Sources */,
				E6D7D3672507C18E002048A3 /* Exhibition+CoreDataProperties.swift in Sources */,
				E6CFF05D25039ADF001447DF /* AppDelegate.swift in Sources */,
				E6CFF05F25039ADF001447DF /* SceneDelegate.swift in Sources */,
				E6D7D3652507C18E002048A3 /* Plant+CoreDataProperties.swift in Sources */,
			);
			runOnlyForDeploymentPostprocessing = 0;
		};
/* End PBXSourcesBuildPhase section */

/* Begin PBXVariantGroup section */
		E6CFF06225039ADF001447DF /* Main.storyboard */ = {
			isa = PBXVariantGroup;
			children = (
				E6CFF06325039ADF001447DF /* Base */,
			);
			name = Main.storyboard;
			sourceTree = "<group>";
		};
		E6CFF06725039AE3001447DF /* LaunchScreen.storyboard */ = {
			isa = PBXVariantGroup;
			children = (
				E6CFF06825039AE3001447DF /* Base */,
			);
			name = LaunchScreen.storyboard;
			sourceTree = "<group>";
		};
/* End PBXVariantGroup section */

/* Begin XCBuildConfiguration section */
		E6CFF06B25039AE3001447DF /* Debug */ = {
			isa = XCBuildConfiguration;
			buildSettings = {
				ALWAYS_SEARCH_USER_PATHS = NO;
				CLANG_ANALYZER_NONNULL = YES;
				CLANG_ANALYZER_NUMBER_OBJECT_CONVERSION = YES_AGGRESSIVE;
				CLANG_CXX_LANGUAGE_STANDARD = "gnu++14";
				CLANG_CXX_LIBRARY = "libc++";
				CLANG_ENABLE_MODULES = YES;
				CLANG_ENABLE_OBJC_ARC = YES;
				CLANG_ENABLE_OBJC_WEAK = YES;
				CLANG_WARN_BLOCK_CAPTURE_AUTORELEASING = YES;
				CLANG_WARN_BOOL_CONVERSION = YES;
				CLANG_WARN_COMMA = YES;
				CLANG_WARN_CONSTANT_CONVERSION = YES;
				CLANG_WARN_DEPRECATED_OBJC_IMPLEMENTATIONS = YES;
				CLANG_WARN_DIRECT_OBJC_ISA_USAGE = YES_ERROR;
				CLANG_WARN_DOCUMENTATION_COMMENTS = YES;
				CLANG_WARN_EMPTY_BODY = YES;
				CLANG_WARN_ENUM_CONVERSION = YES;
				CLANG_WARN_INFINITE_RECURSION = YES;
				CLANG_WARN_INT_CONVERSION = YES;
				CLANG_WARN_NON_LITERAL_NULL_CONVERSION = YES;
				CLANG_WARN_OBJC_IMPLICIT_RETAIN_SELF = YES;
				CLANG_WARN_OBJC_LITERAL_CONVERSION = YES;
				CLANG_WARN_OBJC_ROOT_CLASS = YES_ERROR;
				CLANG_WARN_RANGE_LOOP_ANALYSIS = YES;
				CLANG_WARN_STRICT_PROTOTYPES = YES;
				CLANG_WARN_SUSPICIOUS_MOVE = YES;
				CLANG_WARN_UNGUARDED_AVAILABILITY = YES_AGGRESSIVE;
				CLANG_WARN_UNREACHABLE_CODE = YES;
				CLANG_WARN__DUPLICATE_METHOD_MATCH = YES;
				COPY_PHASE_STRIP = NO;
				DEBUG_INFORMATION_FORMAT = dwarf;
				ENABLE_STRICT_OBJC_MSGSEND = YES;
				ENABLE_TESTABILITY = YES;
				GCC_C_LANGUAGE_STANDARD = gnu11;
				GCC_DYNAMIC_NO_PIC = NO;
				GCC_NO_COMMON_BLOCKS = YES;
				GCC_OPTIMIZATION_LEVEL = 0;
				GCC_PREPROCESSOR_DEFINITIONS = (
					"DEBUG=1",
					"$(inherited)",
				);
				GCC_WARN_64_TO_32_BIT_CONVERSION = YES;
				GCC_WARN_ABOUT_RETURN_TYPE = YES_ERROR;
				GCC_WARN_UNDECLARED_SELECTOR = YES;
				GCC_WARN_UNINITIALIZED_AUTOS = YES_AGGRESSIVE;
				GCC_WARN_UNUSED_FUNCTION = YES;
				GCC_WARN_UNUSED_VARIABLE = YES;
				IPHONEOS_DEPLOYMENT_TARGET = 13.6;
				MTL_ENABLE_DEBUG_INFO = INCLUDE_SOURCE;
				MTL_FAST_MATH = YES;
				ONLY_ACTIVE_ARCH = YES;
				SDKROOT = iphoneos;
				SWIFT_ACTIVE_COMPILATION_CONDITIONS = DEBUG;
				SWIFT_OPTIMIZATION_LEVEL = "-Onone";
			};
			name = Debug;
		};
		E6CFF06C25039AE3001447DF /* Release */ = {
			isa = XCBuildConfiguration;
			buildSettings = {
				ALWAYS_SEARCH_USER_PATHS = NO;
				CLANG_ANALYZER_NONNULL = YES;
				CLANG_ANALYZER_NUMBER_OBJECT_CONVERSION = YES_AGGRESSIVE;
				CLANG_CXX_LANGUAGE_STANDARD = "gnu++14";
				CLANG_CXX_LIBRARY = "libc++";
				CLANG_ENABLE_MODULES = YES;
				CLANG_ENABLE_OBJC_ARC = YES;
				CLANG_ENABLE_OBJC_WEAK = YES;
				CLANG_WARN_BLOCK_CAPTURE_AUTORELEASING = YES;
				CLANG_WARN_BOOL_CONVERSION = YES;
				CLANG_WARN_COMMA = YES;
				CLANG_WARN_CONSTANT_CONVERSION = YES;
				CLANG_WARN_DEPRECATED_OBJC_IMPLEMENTATIONS = YES;
				CLANG_WARN_DIRECT_OBJC_ISA_USAGE = YES_ERROR;
				CLANG_WARN_DOCUMENTATION_COMMENTS = YES;
				CLANG_WARN_EMPTY_BODY = YES;
				CLANG_WARN_ENUM_CONVERSION = YES;
				CLANG_WARN_INFINITE_RECURSION = YES;
				CLANG_WARN_INT_CONVERSION = YES;
				CLANG_WARN_NON_LITERAL_NULL_CONVERSION = YES;
				CLANG_WARN_OBJC_IMPLICIT_RETAIN_SELF = YES;
				CLANG_WARN_OBJC_LITERAL_CONVERSION = YES;
				CLANG_WARN_OBJC_ROOT_CLASS = YES_ERROR;
				CLANG_WARN_RANGE_LOOP_ANALYSIS = YES;
				CLANG_WARN_STRICT_PROTOTYPES = YES;
				CLANG_WARN_SUSPICIOUS_MOVE = YES;
				CLANG_WARN_UNGUARDED_AVAILABILITY = YES_AGGRESSIVE;
				CLANG_WARN_UNREACHABLE_CODE = YES;
				CLANG_WARN__DUPLICATE_METHOD_MATCH = YES;
				COPY_PHASE_STRIP = NO;
				DEBUG_INFORMATION_FORMAT = "dwarf-with-dsym";
				ENABLE_NS_ASSERTIONS = NO;
				ENABLE_STRICT_OBJC_MSGSEND = YES;
				GCC_C_LANGUAGE_STANDARD = gnu11;
				GCC_NO_COMMON_BLOCKS = YES;
				GCC_WARN_64_TO_32_BIT_CONVERSION = YES;
				GCC_WARN_ABOUT_RETURN_TYPE = YES_ERROR;
				GCC_WARN_UNDECLARED_SELECTOR = YES;
				GCC_WARN_UNINITIALIZED_AUTOS = YES_AGGRESSIVE;
				GCC_WARN_UNUSED_FUNCTION = YES;
				GCC_WARN_UNUSED_VARIABLE = YES;
				IPHONEOS_DEPLOYMENT_TARGET = 13.6;
				MTL_ENABLE_DEBUG_INFO = NO;
				MTL_FAST_MATH = YES;
				SDKROOT = iphoneos;
				SWIFT_COMPILATION_MODE = wholemodule;
				SWIFT_OPTIMIZATION_LEVEL = "-O";
				VALIDATE_PRODUCT = YES;
			};
			name = Release;
		};
		E6CFF06E25039AE3001447DF /* Debug */ = {
			isa = XCBuildConfiguration;
			buildSettings = {
				ASSETCATALOG_COMPILER_APPICON_NAME = AppIcon;
				CODE_SIGN_STYLE = Automatic;
				DEVELOPMENT_TEAM = J22K3L8T2A;
				INFOPLIST_FILE = "RBGarden-Guide/Info.plist";
				LD_RUNPATH_SEARCH_PATHS = (
					"$(inherited)",
					"@executable_path/Frameworks",
				);
				PRODUCT_BUNDLE_IDENTIFIER = "edu.monash.RBGarden-Guide";
				PRODUCT_NAME = "$(TARGET_NAME)";
				SWIFT_VERSION = 5.0;
				TARGETED_DEVICE_FAMILY = "1,2";
			};
			name = Debug;
		};
		E6CFF06F25039AE3001447DF /* Release */ = {
			isa = XCBuildConfiguration;
			buildSettings = {
				ASSETCATALOG_COMPILER_APPICON_NAME = AppIcon;
				CODE_SIGN_STYLE = Automatic;
				DEVELOPMENT_TEAM = J22K3L8T2A;
				INFOPLIST_FILE = "RBGarden-Guide/Info.plist";
				LD_RUNPATH_SEARCH_PATHS = (
					"$(inherited)",
					"@executable_path/Frameworks",
				);
				PRODUCT_BUNDLE_IDENTIFIER = "edu.monash.RBGarden-Guide";
				PRODUCT_NAME = "$(TARGET_NAME)";
				SWIFT_VERSION = 5.0;
				TARGETED_DEVICE_FAMILY = "1,2";
			};
			name = Release;
		};
/* End XCBuildConfiguration section */

/* Begin XCConfigurationList section */
		E6CFF05425039ADF001447DF /* Build configuration list for PBXProject "RBGarden-Guide" */ = {
			isa = XCConfigurationList;
			buildConfigurations = (
				E6CFF06B25039AE3001447DF /* Debug */,
				E6CFF06C25039AE3001447DF /* Release */,
			);
			defaultConfigurationIsVisible = 0;
			defaultConfigurationName = Release;
		};
		E6CFF06D25039AE3001447DF /* Build configuration list for PBXNativeTarget "RBGarden-Guide" */ = {
			isa = XCConfigurationList;
			buildConfigurations = (
				E6CFF06E25039AE3001447DF /* Debug */,
				E6CFF06F25039AE3001447DF /* Release */,
			);
			defaultConfigurationIsVisible = 0;
			defaultConfigurationName = Release;
		};
/* End XCConfigurationList section */

/* Begin XCVersionGroup section */
		E6CFF0742503B00F001447DF /* RBGModel.xcdatamodeld */ = {
			isa = XCVersionGroup;
			children = (
				E6CFF0752503B00F001447DF /* RBGModel.xcdatamodel */,
			);
			currentVersion = E6CFF0752503B00F001447DF /* RBGModel.xcdatamodel */;
			path = RBGModel.xcdatamodeld;
			sourceTree = "<group>";
			versionGroupType = wrapper.xcdatamodel;
		};
/* End XCVersionGroup section */
	};
	rootObject = E6CFF05125039ADF001447DF /* Project object */;
}
